{
  "name": "trituradora-sistema",
  "version": "1.0.0",
  "lockfileVersion": 3,
  "requires": true,
  "packages": {
    "": {
      "name": "trituradora-sistema",
      "version": "1.0.0",
      "workspaces": [
        "apps/*",
        "packages/*"
      ]
    },
    "node_modules/@trituradora/shared": {
      "resolved": "packages/shared",
      "link": true
    },
    "packages/shared": {
      "name": "@trituradora/shared",
      "version": "1.0.0"
    }
  }
}
